{
    "_meta": {
        "hash": {
            "sha256": "6f44647ce41387419040f4a6b5ba15aa7a6966ac2885961c76189808eccb063c"
        },
        "pipfile-spec": 6,
        "requires": {
            "python_version": "3.7"
        },
        "sources": [
            {
                "name": "pypi",
                "url": "https://pypi.org/simple",
                "verify_ssl": true
            }
        ]
    },
    "default": {
        "certifi": {
            "hashes": [
                "sha256:2bbf76fd432960138b3ef6dda3dde0544f27cbf8546c458e60baf371917ba9ee",
                "sha256:50b1e4f8446b06f41be7dd6338db18e0990601dce795c2b1686458aa7e8fa7d8"
            ],
            "version": "==2021.5.30"
        },
        "chardet": {
            "hashes": [
                "sha256:84ab92ed1c4d4f16916e05906b6b75a6c0fb5db821cc65e70cbd64a3e2a5eaae",
                "sha256:fc323ffcaeaed0e0a02bf4d117757b98aed530d9ed4531e3e15460124c106691"
            ],
            "version": "==3.0.4"
        },
        "click": {
            "hashes": [
                "sha256:d2b5255c7c6349bc1bd1e59e08cd12acbbd63ce649f2588755783aa94dfb6b1a",
                "sha256:dacca89f4bfadd5de3d7489b7c8a566eee0d3676333fbb50030263894c38c0dc"
            ],
            "version": "==7.1.2"
        },
        "colorama": {
            "hashes": [
                "sha256:5941b2b48a20143d2267e95b1c2a7603ce057ee39fd88e7329b0c292aa16869b",
                "sha256:9f47eda37229f68eee03b24b9748937c7dc3868f906e8ba69fbcbdd3bc5dc3e2"
            ],
            "version": "==0.4.4"
        },
        "commonmark": {
            "hashes": [
                "sha256:452f9dc859be7f06631ddcb328b6919c67984aca654e5fefb3914d54691aed60",
                "sha256:da2f38c92590f83de410ba1a3cbceafbc74fee9def35f9251ba9a971d6d66fd9"
            ],
            "version": "==0.9.1"
        },
        "h11": {
            "hashes": [
                "sha256:33d4bca7be0fa039f4e84d50ab00531047e53d6ee8ffbc83501ea602c169cae1",
                "sha256:4bc6d6a1238b7615b266ada57e0618568066f57dd6fa967d1290ec9309b2f2f1"
            ],
            "version": "==0.9.0"
        },
        "h2": {
            "hashes": [
                "sha256:61e0f6601fa709f35cdb730863b4e5ec7ad449792add80d1410d4174ed139af5",
                "sha256:875f41ebd6f2c44781259005b157faed1a5031df3ae5aa7bcb4628a6c0782f14"
            ],
            "version": "==3.2.0"
        },
        "hpack": {
            "hashes": [
                "sha256:0edd79eda27a53ba5be2dfabf3b15780928a0dff6eb0c60a3d6767720e970c89",
                "sha256:8eec9c1f4bfae3408a3f30500261f7e6a65912dc138526ea054f9ad98892e9d2"
            ],
            "version": "==3.0.0"
        },
        "httpcore": {
            "hashes": [
                "sha256:93a4caf743e7ed29dbf7900515f0917babaa26bfaae6fb6c922ca1228519d400",
                "sha256:afc1402fcaa6fca057bb3a9c6ccf6989a17bd0393b0cffbd778bac5fdd27446b"
            ],
            "version": "==0.10.2"
        },
        "httpx": {
            "extras": [
                "http2"
            ],
            "hashes": [
                "sha256:3f2aa21d927ac56bfabdb82d079cf5ddd5b3147130dedc5fe8fed3a24e7a8d34",
                "sha256:96bd4de4e6b742d672e2338720baf98518efaf85c86e0b48218e1bef9f272333"
            ],
            "version": "==0.14.3"
        },
        "hyperframe": {
            "hashes": [
                "sha256:5187962cb16dcc078f23cb5a4b110098d546c3f41ff2d4038a9896893bbd0b40",
                "sha256:a9f5c17f2cc3c719b917c4f33ed1c61bd1f8dfac4b1bd23b7c80b3400971b41f"
            ],
            "version": "==5.2.0"
        },
        "idna": {
            "hashes": [
                "sha256:14475042e284991034cb48e06f6851428fb14c4dc953acd9be9a5e95c7b6dd7a",
                "sha256:467fbad99067910785144ce333826c71fb0e63a425657295239737f7ecd125f3"
            ],
            "version": "==3.2"
        },
        "psutil": {
            "hashes": [
                "sha256:0ee3c36428f160d2d8fce3c583a0353e848abb7de9732c50cf3356dd49ad63f8",
                "sha256:10512b46c95b02842c225f58fa00385c08fa00c68bac7da2d9a58ebe2c517498",
                "sha256:4080869ed93cce662905b029a1770fe89c98787e543fa7347f075ade761b19d6",
                "sha256:5e9d0f26d4194479a13d5f4b3798260c20cecf9ac9a461e718eb59ea520a360c",
                "sha256:66c18ca7680a31bf16ee22b1d21b6397869dda8059dbdb57d9f27efa6615f195",
                "sha256:68d36986ded5dac7c2dcd42f2682af1db80d4bce3faa126a6145c1637e1b559f",
                "sha256:90990af1c3c67195c44c9a889184f84f5b2320dce3ee3acbd054e3ba0b4a7beb",
                "sha256:a5b120bb3c0c71dfe27551f9da2f3209a8257a178ed6c628a819037a8df487f1",
                "sha256:d8a82162f23c53b8525cf5f14a355f5d1eea86fa8edde27287dd3a98399e4fdf",
                "sha256:f2018461733b23f308c298653c8903d32aaad7873d25e1d228765e91ae42c3f2",
                "sha256:ff1977ba1a5f71f89166d5145c3da1cea89a0fdb044075a12c720ee9123ec818"
            ],
            "version": "==5.7.2"
        },
        "pydantic": {
            "hashes": [
                "sha256:14e598055b65d2e6cedf10dc3de6ad1bb04ca3eec348e4af1cf5e5e496deab55",
                "sha256:1d42c7408cde8a224c2bb969bfb9dca21f3b1eec37a92044be8bcd7d35ea5826",
                "sha256:433dda6200104d7aa38c27a6ea52485e69931042556065402281cc73a57fd680",
                "sha256:51dec047b44f0de4dbfa301b73df605918088348b951b8b4616127249febfe30",
                "sha256:548c284237b0c61e0e785ad03167c75723f22000f82e8104d8981fdf50ce14e8",
                "sha256:60b8956b57045224294691b78a6a4be0f321271a9f1c2a7fef25248e4c4f20df",
                "sha256:6eea211e8b427841a16f43fa739ac06059db6af0d167476b928dbb237d870b77",
                "sha256:76b241172d6e22403e116e1d3b7305b6a9479323f8168f2fcb300ffe698443b9",
                "sha256:90310c1c5945b4fe2ff7bd69e306e54d192e55d22480657ddd6d2519cf2f12ba",
                "sha256:93f7f510fc366b99dace4a3d1f036aafcfe908092c5f2572ad4a96be24da199c",
                "sha256:ae48129396bd5acfaef1cdaaa959ac8ab5d02c026b1fdffb421dc6fa81d7861d",
                "sha256:be4e0263ef515ae14f06e9fb372843f00bdb218ec4f2f04beb3480ac1538a9a9",
                "sha256:bf9e5dd5e0e7e64541508f657c63bf6ab869109cb39f017f935acfeb64ea9be8",
                "sha256:cd777c102ba31bc9992093c2e9f778c21b3965566d1fa5ac9f9b7cea2e67fe2a",
                "sha256:d09adff1c70351a8750941dd39fda25447eab2e3cdb5b2aade340f69f6f53e84",
                "sha256:e77e5f640f1093bf417b841d9b4148bd4212bb0dbb2cbb9024aa07f2b3b260eb",
                "sha256:f6a1a465dd72aff0462486588a2bf905f9169e575deec1e6f6d00240fe1b4e00"
            ],
            "version": "==1.6.2"
        },
        "pygments": {
            "hashes": [
                "sha256:a18f47b506a429f6f4b9df81bb02beab9ca21d0a5fee38ed15aef65f0545519f",
                "sha256:d66e804411278594d764fc69ec36ec13d9ae9147193a1740cd34d272ca383b8e"
            ],
            "version": "==2.9.0"
        },
        "pytz": {
            "hashes": [
                "sha256:a494d53b6d39c3c6e44c3bec237336e14305e4f29bbf800b599253057fbb79ed",
                "sha256:c35965d010ce31b23eeb663ed3cc8c906275d6be1a34393a1d73a41febf4a048"
            ],
            "version": "==2020.1"
        },
        "rfc3986": {
            "extras": [
                "idna2008"
            ],
            "hashes": [
                "sha256:270aaf10d87d0d4e095063c65bf3ddbc6ee3d0b226328ce21e036f946e421835",
                "sha256:a86d6e1f5b1dc238b218b012df0aa79409667bb209e58da56d0b94704e712a97"
            ],
            "version": "==1.5.0"
        },
        "rich": {
            "hashes": [
                "sha256:53c683a79e3f949d675b1d04e6fe3ccd53fad97aa7e2f6a83f2985502663f420",
                "sha256:75bb80a52a550424a9f36bfdc57dc2977a2b8d0a1eb3b011df258c017d8ba322"
            ],
            "version": "==6.0.0"
        },
        "sniffio": {
            "hashes": [
                "sha256:471b71698eac1c2112a40ce2752bb2f4a4814c22a54a3eed3676bc0f5ca9f663",
                "sha256:c4666eecec1d3f50960c6bdf61ab7bc350648da6c126e3cf6898d8cd4ddcd3de"
            ],
            "version": "==1.2.0"
        },
        "tea": {
            "hashes": [
                "sha256:1578aab4c58b8a62847cec20cc33571e43ff02877cc41720780e136ccfec5b31",
                "sha256:bbf654888c1b5ca358c42ea69e15d1faba5771f5b55f9610b56ce79bd209541b"
            ],
            "version": "==0.1.2"
        },
        "tea-client": {
            "hashes": [
                "sha256:c756913e57a4f81055ac1b8d9903fe15a8e57eebb864401c70f0d6b209976530",
                "sha256:cab681ca6f7eeb28c24908cfb60746055f6f85efd736e51000f7fcb48dd84483"
            ],
            "index": "pypi",
            "version": "==0.0.7"
        },
        "tea-console": {
            "hashes": [
                "sha256:38c3e9fb6ada65e87f69b3e7a76dd8e6e21c3f3b5892712c82e9b0fb3b5cde12",
                "sha256:7dd988bc506a043b7aff0be7842e46695c46702efb5026341be8aa52fc80e027"
            ],
            "index": "pypi",
            "version": "==0.0.5"
        },
        "typer": {
            "hashes": [
                "sha256:5455d750122cff96745b0dec87368f56d023725a7ebc9d2e54dd23dc86816303",
                "sha256:ba58b920ce851b12a2d790143009fa00ac1d05b3ff3257061ff69dbdfc3d161b"
            ],
            "index": "pypi",
            "version": "==0.3.2"
        },
        "typing-extensions": {
            "hashes": [
                "sha256:0ac0f89795dd19de6b97debb0c6af1c70987fd80a2d62d1958f7e56fcc31b497",
                "sha256:50b6f157849174217d0656f99dc82fe932884fb250826c18350e159ec6cdf342",
                "sha256:779383f6086d90c99ae41cf0ff39aac8a7937a9283ce0a414e5dd782f4c94a84"
            ],
            "version": "==3.10.0.0"
        },
        "tzlocal": {
            "hashes": [
                "sha256:643c97c5294aedc737780a49d9df30889321cbe1204eac2c2ec6134035a92e44",
                "sha256:e2cb6c6b5b604af38597403e9852872d7f534962ae2954c7f35efcb1ccacf4a4"
            ],
            "version": "==2.1"
        }
    },
    "develop": {}
}
