# This file is automatically @generated by Poetry 1.8.3 and should not be changed by hand.

[[package]]
name = "certifi"
version = "2024.8.30"
description = "Python package for providing Mozilla's CA Bundle."
optional = false
python-versions = ">=3.6"
files = [
    {file = "certifi-2024.8.30-py3-none-any.whl", hash = "sha256:922820b53db7a7257ffbda3f597266d435245903d80737e34f8a45ff3e3230d8"},
    {file = "certifi-2024.8.30.tar.gz", hash = "sha256:bec941d2aa8195e248a60b31ff9f0558284cf01a52591ceda73ea9afffd69fd9"},
]

[[package]]
name = "chardet"
version = "3.0.4"
description = "Universal encoding detector for Python 2 and 3"
optional = false
python-versions = "*"
files = [
    {file = "chardet-3.0.4-py2.py3-none-any.whl", hash = "sha256:fc323ffcaeaed0e0a02bf4d117757b98aed530d9ed4531e3e15460124c106691"},
    {file = "chardet-3.0.4.tar.gz", hash = "sha256:84ab92ed1c4d4f16916e05906b6b75a6c0fb5db821cc65e70cbd64a3e2a5eaae"},
]

[[package]]
name = "click"
version = "7.1.2"
description = "Composable command line interface toolkit"
optional = false
python-versions = ">=2.7, !=3.0.*, !=3.1.*, !=3.2.*, !=3.3.*, !=3.4.*"
files = [
    {file = "click-7.1.2-py2.py3-none-any.whl", hash = "sha256:dacca89f4bfadd5de3d7489b7c8a566eee0d3676333fbb50030263894c38c0dc"},
    {file = "click-7.1.2.tar.gz", hash = "sha256:d2b5255c7c6349bc1bd1e59e08cd12acbbd63ce649f2588755783aa94dfb6b1a"},
]

[[package]]
name = "colorama"
version = "0.4.5"
description = "Cross-platform colored terminal text."
optional = false
python-versions = ">=2.7, !=3.0.*, !=3.1.*, !=3.2.*, !=3.3.*, !=3.4.*"
files = [
    {file = "colorama-0.4.5-py2.py3-none-any.whl", hash = "sha256:854bf444933e37f5824ae7bfc1e98d5bce2ebe4160d46b5edf346a89358e99da"},
    {file = "colorama-0.4.5.tar.gz", hash = "sha256:e6c6b4334fc50988a639d9b98aa429a0b57da6e17b9a44f0451f930b6967b7a4"},
]

[[package]]
name = "commonmark"
version = "0.9.1"
description = "Python parser for the CommonMark Markdown spec"
optional = false
python-versions = "*"
files = [
    {file = "commonmark-0.9.1-py2.py3-none-any.whl", hash = "sha256:da2f38c92590f83de410ba1a3cbceafbc74fee9def35f9251ba9a971d6d66fd9"},
    {file = "commonmark-0.9.1.tar.gz", hash = "sha256:452f9dc859be7f06631ddcb328b6919c67984aca654e5fefb3914d54691aed60"},
]

[package.extras]
test = ["flake8 (==3.7.8)", "hypothesis (==3.55.3)"]

[[package]]
name = "contextvars"
version = "2.4"
description = "PEP 567 Backport"
optional = false
python-versions = "*"
files = [
    {file = "contextvars-2.4.tar.gz", hash = "sha256:f38c908aaa59c14335eeea12abea5f443646216c4e29380d7bf34d2018e2c39e"},
]

[package.dependencies]
immutables = ">=0.9"

[[package]]
name = "dataclasses"
version = "0.7"
description = "A backport of the dataclasses module for Python 3.6"
optional = false
python-versions = ">=3.6, <3.7"
files = [
    {file = "dataclasses-0.7-py3-none-any.whl", hash = "sha256:3459118f7ede7c8bea0fe795bff7c6c2ce287d01dd226202f7c9ebc0610a7836"},
    {file = "dataclasses-0.7.tar.gz", hash = "sha256:494a6dcae3b8bcf80848eea2ef64c0cc5cd307ffc263e17cdf42f3e5420808e6"},
]

[[package]]
name = "h11"
version = "0.9.0"
description = "A pure-Python, bring-your-own-I/O implementation of HTTP/1.1"
optional = false
python-versions = "*"
files = [
    {file = "h11-0.9.0-py2.py3-none-any.whl", hash = "sha256:4bc6d6a1238b7615b266ada57e0618568066f57dd6fa967d1290ec9309b2f2f1"},
    {file = "h11-0.9.0.tar.gz", hash = "sha256:33d4bca7be0fa039f4e84d50ab00531047e53d6ee8ffbc83501ea602c169cae1"},
]

[[package]]
name = "h2"
version = "3.2.0"
description = "HTTP/2 State-Machine based protocol implementation"
optional = false
python-versions = "*"
files = [
    {file = "h2-3.2.0-py2.py3-none-any.whl", hash = "sha256:61e0f6601fa709f35cdb730863b4e5ec7ad449792add80d1410d4174ed139af5"},
    {file = "h2-3.2.0.tar.gz", hash = "sha256:875f41ebd6f2c44781259005b157faed1a5031df3ae5aa7bcb4628a6c0782f14"},
]

[package.dependencies]
hpack = ">=3.0,<4"
hyperframe = ">=5.2.0,<6"

[[package]]
name = "hpack"
version = "3.0.0"
description = "Pure-Python HPACK header compression"
optional = false
python-versions = "*"
files = [
    {file = "hpack-3.0.0-py2.py3-none-any.whl", hash = "sha256:0edd79eda27a53ba5be2dfabf3b15780928a0dff6eb0c60a3d6767720e970c89"},
    {file = "hpack-3.0.0.tar.gz", hash = "sha256:8eec9c1f4bfae3408a3f30500261f7e6a65912dc138526ea054f9ad98892e9d2"},
]

[[package]]
name = "httpcore"
version = "0.10.2"
description = "A minimal low-level HTTP client."
optional = false
python-versions = ">=3.6"
files = [
    {file = "httpcore-0.10.2-py3-none-any.whl", hash = "sha256:afc1402fcaa6fca057bb3a9c6ccf6989a17bd0393b0cffbd778bac5fdd27446b"},
    {file = "httpcore-0.10.2.tar.gz", hash = "sha256:93a4caf743e7ed29dbf7900515f0917babaa26bfaae6fb6c922ca1228519d400"},
]

[package.dependencies]
h11 = ">=0.8,<0.10"
sniffio = "==1.*"

[package.extras]
http2 = ["h2 (==3.*)"]

[[package]]
name = "httpx"
version = "0.14.3"
description = "The next generation HTTP client."
optional = false
python-versions = ">=3.6"
files = [
    {file = "httpx-0.14.3-py3-none-any.whl", hash = "sha256:3f2aa21d927ac56bfabdb82d079cf5ddd5b3147130dedc5fe8fed3a24e7a8d34"},
    {file = "httpx-0.14.3.tar.gz", hash = "sha256:96bd4de4e6b742d672e2338720baf98518efaf85c86e0b48218e1bef9f272333"},
]

[package.dependencies]
certifi = "*"
chardet = "==3.*"
h2 = {version = "==3.*", optional = true, markers = "extra == \"http2\""}
httpcore = "==0.10.*"
rfc3986 = {version = ">=1.3,<2", extras = ["idna2008"]}
sniffio = "*"

[package.extras]
brotli = ["brotlipy (==0.7.*)"]
http2 = ["h2 (==3.*)"]

[[package]]
name = "hyperframe"
version = "5.2.0"
description = "HTTP/2 framing layer for Python"
optional = false
python-versions = "*"
files = [
    {file = "hyperframe-5.2.0-py2.py3-none-any.whl", hash = "sha256:5187962cb16dcc078f23cb5a4b110098d546c3f41ff2d4038a9896893bbd0b40"},
    {file = "hyperframe-5.2.0.tar.gz", hash = "sha256:a9f5c17f2cc3c719b917c4f33ed1c61bd1f8dfac4b1bd23b7c80b3400971b41f"},
]

[[package]]
name = "idna"
version = "3.10"
description = "Internationalized Domain Names in Applications (IDNA)"
optional = false
python-versions = ">=3.6"
files = [
    {file = "idna-3.10-py3-none-any.whl", hash = "sha256:946d195a0d259cbba61165e88e65941f16e9b36ea6ddb97f00452bae8b1287d3"},
    {file = "idna-3.10.tar.gz", hash = "sha256:12f65c9b470abda6dc35cf8e63cc574b1c52b11df2c86030af0ac09b01b13ea9"},
]

[package.extras]
all = ["flake8 (>=7.1.1)", "mypy (>=1.11.2)", "pytest (>=8.3.2)", "ruff (>=0.6.2)"]

[[package]]
name = "immutables"
version = "0.19"
description = "Immutable Collections"
optional = false
python-versions = ">=3.6"
files = [
    {file = "immutables-0.19-cp310-cp310-macosx_10_9_universal2.whl", hash = "sha256:fef6743f8c3098ae46d9a2a3606b04a91c62e216487d91e90ce5c7419da3f803"},
    {file = "immutables-0.19-cp310-cp310-macosx_10_9_x86_64.whl", hash = "sha256:cfb62119b7302a37cb4a1db44234dab9acda60ba93e3c28489969722e85237b7"},
    {file = "immutables-0.19-cp310-cp310-manylinux_2_17_aarch64.manylinux2014_aarch64.whl", hash = "sha256:1d55b886e92ef5abfc4b066f404d956ca5789a2f8f738d448300fba40930a631"},
    {file = "immutables-0.19-cp310-cp310-manylinux_2_5_x86_64.manylinux1_x86_64.manylinux_2_17_x86_64.manylinux2014_x86_64.whl", hash = "sha256:40f1c3ab3ae690a55a2f61039705a110f0e23717d6d8a62a84600fc7cf5934dc"},
    {file = "immutables-0.19-cp310-cp310-musllinux_1_1_aarch64.whl", hash = "sha256:f3096afb376b9b3651a3b92affd1896b4dcefde209f412572f7e3924f6749a49"},
    {file = "immutables-0.19-cp310-cp310-musllinux_1_1_x86_64.whl", hash = "sha256:85bcb5a7c33100c1b2eeb8c71e5f80acab4c9dde074b2c2ca8e3dfb6830ce813"},
    {file = "immutables-0.19-cp310-cp310-win_amd64.whl", hash = "sha256:620c166e76030ca4772ea64e5190f8347a730a0af85b743820d351f211004397"},
    {file = "immutables-0.19-cp311-cp311-macosx_10_9_universal2.whl", hash = "sha256:c1774f298db9d460e50c40dfc9cfe7dd8a0de22c22f1de9a1f9a468daa1201dc"},
    {file = "immutables-0.19-cp311-cp311-macosx_10_9_x86_64.whl", hash = "sha256:24dbdc28779a2b75e06224609f4fc850ba61b7e1b74e32ec808c6430a535be2d"},
    {file = "immutables-0.19-cp311-cp311-manylinux_2_17_aarch64.manylinux2014_aarch64.whl", hash = "sha256:9b8c0a4264e3ba2f025f4517ce67f0d0869106a625dbda08758cbf4dd6b6dd1f"},
    {file = "immutables-0.19-cp311-cp311-manylinux_2_5_x86_64.manylinux1_x86_64.manylinux_2_17_x86_64.manylinux2014_x86_64.whl", hash = "sha256:28d1ee66424c2db998d27ebe0a331c7e09627e54a402848b2897cb6ef4dc4d7e"},
    {file = "immutables-0.19-cp311-cp311-musllinux_1_1_aarch64.whl", hash = "sha256:6f857aec0e0455986fd1f41234c867c3daf5a89ff7f54d493d4eb3c233d36d3c"},
    {file = "immutables-0.19-cp311-cp311-musllinux_1_1_x86_64.whl", hash = "sha256:119c60a05cb35add45c1e592e23a5cbb9db03161bb89d1596b920d9341173982"},
    {file = "immutables-0.19-cp311-cp311-win_amd64.whl", hash = "sha256:3fbad255e404b4cbcf3477b384a1e400bd8f28cbbfc2df8d3885abe3bfc7b909"},
    {file = "immutables-0.19-cp36-cp36m-macosx_10_9_x86_64.whl", hash = "sha256:6660e185354a1cb59ecc130f2b85b50d666d4417be668ce6ba83d4be79f55d34"},
    {file = "immutables-0.19-cp36-cp36m-manylinux_2_17_aarch64.manylinux2014_aarch64.whl", hash = "sha256:37de95c1d79707d95f50d0ab79e067bee52381afc967ff031ac4c822c14f43a8"},
    {file = "immutables-0.19-cp36-cp36m-manylinux_2_5_x86_64.manylinux1_x86_64.manylinux_2_17_x86_64.manylinux2014_x86_64.whl", hash = "sha256:ed61dbc963251bec7281cdb0c148176bbd70519d21fd05bce4c484632cdc3b2c"},
    {file = "immutables-0.19-cp36-cp36m-musllinux_1_1_aarch64.whl", hash = "sha256:7da9356a163993e01785a211b47c6a0038b48d1235b68479a0053c2c4c3cf666"},
    {file = "immutables-0.19-cp36-cp36m-musllinux_1_1_x86_64.whl", hash = "sha256:41d8cae52ea527f9c6dccdf1e1553106c482496acc140523034f91877ccbc103"},
    {file = "immutables-0.19-cp36-cp36m-win_amd64.whl", hash = "sha256:e95f0826f184920adb3cdf830f409f1c1d4e943e4dc50242538c4df9d51eea72"},
    {file = "immutables-0.19-cp37-cp37m-macosx_10_9_x86_64.whl", hash = "sha256:50608784e33c88da8c0e06e75f6725865cf2e345c8f3eeb83cb85111f737e986"},
    {file = "immutables-0.19-cp37-cp37m-manylinux_2_17_aarch64.manylinux2014_aarch64.whl", hash = "sha256:1cbd4d9dc531ee24b2387141a5968e923bb6174d13695e730cde0887aadda557"},
    {file = "immutables-0.19-cp37-cp37m-manylinux_2_5_x86_64.manylinux1_x86_64.manylinux_2_17_x86_64.manylinux2014_x86_64.whl", hash = "sha256:eed8988dc4ebde8d527dbe4dea68cb9fe6d43bc56df60d6015130dc4abd2ab34"},
    {file = "immutables-0.19-cp37-cp37m-musllinux_1_1_aarch64.whl", hash = "sha256:c830c9afc6fcb4a7d6d74230d6290987e664418026a15488ad00d8a3dc5ec743"},
    {file = "immutables-0.19-cp37-cp37m-musllinux_1_1_x86_64.whl", hash = "sha256:7c6cce2e87cd5369234b199037631cfed08e43813a1fdd750807d14404de195b"},
    {file = "immutables-0.19-cp37-cp37m-win_amd64.whl", hash = "sha256:10774f73af07b1648fa02f45f6ff88b3391feda65d4f640159e6eeec10540ece"},
    {file = "immutables-0.19-cp38-cp38-macosx_10_9_universal2.whl", hash = "sha256:a208a945ea817b1455b5b0f9c33c097baf6443b50d749a3dc32ff445e41b81d2"},
    {file = "immutables-0.19-cp38-cp38-macosx_10_9_x86_64.whl", hash = "sha256:25a6225efb5e96fc95d84b2d280e35d8a82a1ae72a12857177d48cc289ac1e03"},
    {file = "immutables-0.19-cp38-cp38-manylinux_2_17_aarch64.manylinux2014_aarch64.whl", hash = "sha256:5c0cf0d94b08e58896acf250cbc4682499c8a256fc6d0ee5c63d76a759a6a228"},
    {file = "immutables-0.19-cp38-cp38-manylinux_2_5_x86_64.manylinux1_x86_64.manylinux_2_17_x86_64.manylinux2014_x86_64.whl", hash = "sha256:64c74c5171f3a97b178b880746743a07b08e7d7f6055370bf04a94d50aea0643"},
    {file = "immutables-0.19-cp38-cp38-musllinux_1_1_aarch64.whl", hash = "sha256:8ababf72ed2a956b28f151d605a7bb1d4e1c59113f53bf2be4a586da3977b319"},
    {file = "immutables-0.19-cp38-cp38-musllinux_1_1_x86_64.whl", hash = "sha256:52a91917c65e6b9cfef7a2d2c3b0e00432a153aa8650785b7ee0897d80226278"},
    {file = "immutables-0.19-cp38-cp38-win_amd64.whl", hash = "sha256:bbe65c23779e12e0ecc3dec2c709ad22b7cc8b163895327bc173ae06a8b73425"},
    {file = "immutables-0.19-cp39-cp39-macosx_10_9_universal2.whl", hash = "sha256:480cc5d62efcac66f9737ae0820acd39d39e516e6fdbcf46cbdc26f11b429fd7"},
    {file = "immutables-0.19-cp39-cp39-macosx_10_9_x86_64.whl", hash = "sha256:2d88ff44e131508def4740964076c3da273baeeb406c1fe139f18373ea4196dd"},
    {file = "immutables-0.19-cp39-cp39-manylinux_2_17_aarch64.manylinux2014_aarch64.whl", hash = "sha256:7fa3148393101b0c4571da523929ae90a5b4bfc933c270a11b802a34a921c608"},
    {file = "immutables-0.19-cp39-cp39-manylinux_2_5_x86_64.manylinux1_x86_64.manylinux_2_17_x86_64.manylinux2014_x86_64.whl", hash = "sha256:0575190a90c3fce6862ccdb09be3344741ff97a96e559893541886d372139f1c"},
    {file = "immutables-0.19-cp39-cp39-musllinux_1_1_aarch64.whl", hash = "sha256:3754b26ef18b5d1009ffdeafc17fbd877a79f0a126e1423069bd8ef51c54302d"},
    {file = "immutables-0.19-cp39-cp39-musllinux_1_1_x86_64.whl", hash = "sha256:648142e16d49f5207ae52ee1b28dfa148206471967b9c9eaa5a9592fd32d5cef"},
    {file = "immutables-0.19-cp39-cp39-win_amd64.whl", hash = "sha256:199db9070ffa1a037e6650ddd63159907a210e4998f932bdf50e70615629db0c"},
    {file = "immutables-0.19.tar.gz", hash = "sha256:df17942d60e8080835fcc5245aa6928ef4c1ed567570ec019185798195048dcf"},
]

[package.dependencies]
typing-extensions = {version = ">=3.7.4.3", markers = "python_version < \"3.8\""}

[package.extras]
test = ["flake8 (>=5.0.4,<5.1.0)", "mypy (==0.971)", "pycodestyle (>=2.9.1,<2.10.0)", "pytest (>=6.2.4,<6.3.0)"]

[[package]]
name = "psutil"
version = "5.7.2"
description = "Cross-platform lib for process and system monitoring in Python."
optional = false
python-versions = ">=2.6, !=3.0.*, !=3.1.*, !=3.2.*, !=3.3.*"
files = [
    {file = "psutil-5.7.2-cp27-none-win32.whl", hash = "sha256:f2018461733b23f308c298653c8903d32aaad7873d25e1d228765e91ae42c3f2"},
    {file = "psutil-5.7.2-cp27-none-win_amd64.whl", hash = "sha256:66c18ca7680a31bf16ee22b1d21b6397869dda8059dbdb57d9f27efa6615f195"},
    {file = "psutil-5.7.2-cp35-cp35m-win32.whl", hash = "sha256:5e9d0f26d4194479a13d5f4b3798260c20cecf9ac9a461e718eb59ea520a360c"},
    {file = "psutil-5.7.2-cp35-cp35m-win_amd64.whl", hash = "sha256:4080869ed93cce662905b029a1770fe89c98787e543fa7347f075ade761b19d6"},
    {file = "psutil-5.7.2-cp36-cp36m-win32.whl", hash = "sha256:d8a82162f23c53b8525cf5f14a355f5d1eea86fa8edde27287dd3a98399e4fdf"},
    {file = "psutil-5.7.2-cp36-cp36m-win_amd64.whl", hash = "sha256:0ee3c36428f160d2d8fce3c583a0353e848abb7de9732c50cf3356dd49ad63f8"},
    {file = "psutil-5.7.2-cp37-cp37m-win32.whl", hash = "sha256:ff1977ba1a5f71f89166d5145c3da1cea89a0fdb044075a12c720ee9123ec818"},
    {file = "psutil-5.7.2-cp37-cp37m-win_amd64.whl", hash = "sha256:a5b120bb3c0c71dfe27551f9da2f3209a8257a178ed6c628a819037a8df487f1"},
    {file = "psutil-5.7.2-cp38-cp38-win32.whl", hash = "sha256:10512b46c95b02842c225f58fa00385c08fa00c68bac7da2d9a58ebe2c517498"},
    {file = "psutil-5.7.2-cp38-cp38-win_amd64.whl", hash = "sha256:68d36986ded5dac7c2dcd42f2682af1db80d4bce3faa126a6145c1637e1b559f"},
    {file = "psutil-5.7.2.tar.gz", hash = "sha256:90990af1c3c67195c44c9a889184f84f5b2320dce3ee3acbd054e3ba0b4a7beb"},
]

[package.extras]
test = ["enum34", "ipaddress", "mock", "pywin32", "unittest2", "wmi"]

[[package]]
name = "pydantic"
version = "1.6.2"
description = "Data validation and settings management using python 3.6 type hinting"
optional = false
python-versions = ">=3.6"
files = [
    {file = "pydantic-1.6.2-cp36-cp36m-macosx_10_9_x86_64.whl", hash = "sha256:be4e0263ef515ae14f06e9fb372843f00bdb218ec4f2f04beb3480ac1538a9a9"},
    {file = "pydantic-1.6.2-cp36-cp36m-manylinux1_i686.whl", hash = "sha256:14e598055b65d2e6cedf10dc3de6ad1bb04ca3eec348e4af1cf5e5e496deab55"},
    {file = "pydantic-1.6.2-cp36-cp36m-manylinux2014_i686.whl", hash = "sha256:d09adff1c70351a8750941dd39fda25447eab2e3cdb5b2aade340f69f6f53e84"},
    {file = "pydantic-1.6.2-cp36-cp36m-manylinux2014_x86_64.whl", hash = "sha256:cd777c102ba31bc9992093c2e9f778c21b3965566d1fa5ac9f9b7cea2e67fe2a"},
    {file = "pydantic-1.6.2-cp36-cp36m-win_amd64.whl", hash = "sha256:548c284237b0c61e0e785ad03167c75723f22000f82e8104d8981fdf50ce14e8"},
    {file = "pydantic-1.6.2-cp37-cp37m-macosx_10_9_x86_64.whl", hash = "sha256:1d42c7408cde8a224c2bb969bfb9dca21f3b1eec37a92044be8bcd7d35ea5826"},
    {file = "pydantic-1.6.2-cp37-cp37m-manylinux1_i686.whl", hash = "sha256:90310c1c5945b4fe2ff7bd69e306e54d192e55d22480657ddd6d2519cf2f12ba"},
    {file = "pydantic-1.6.2-cp37-cp37m-manylinux2014_i686.whl", hash = "sha256:bf9e5dd5e0e7e64541508f657c63bf6ab869109cb39f017f935acfeb64ea9be8"},
    {file = "pydantic-1.6.2-cp37-cp37m-manylinux2014_x86_64.whl", hash = "sha256:6eea211e8b427841a16f43fa739ac06059db6af0d167476b928dbb237d870b77"},
    {file = "pydantic-1.6.2-cp37-cp37m-win_amd64.whl", hash = "sha256:60b8956b57045224294691b78a6a4be0f321271a9f1c2a7fef25248e4c4f20df"},
    {file = "pydantic-1.6.2-cp38-cp38-macosx_10_9_x86_64.whl", hash = "sha256:76b241172d6e22403e116e1d3b7305b6a9479323f8168f2fcb300ffe698443b9"},
    {file = "pydantic-1.6.2-cp38-cp38-manylinux1_i686.whl", hash = "sha256:433dda6200104d7aa38c27a6ea52485e69931042556065402281cc73a57fd680"},
    {file = "pydantic-1.6.2-cp38-cp38-manylinux2014_i686.whl", hash = "sha256:51dec047b44f0de4dbfa301b73df605918088348b951b8b4616127249febfe30"},
    {file = "pydantic-1.6.2-cp38-cp38-manylinux2014_x86_64.whl", hash = "sha256:f6a1a465dd72aff0462486588a2bf905f9169e575deec1e6f6d00240fe1b4e00"},
    {file = "pydantic-1.6.2-cp38-cp38-win_amd64.whl", hash = "sha256:ae48129396bd5acfaef1cdaaa959ac8ab5d02c026b1fdffb421dc6fa81d7861d"},
    {file = "pydantic-1.6.2-py36.py37.py38-none-any.whl", hash = "sha256:93f7f510fc366b99dace4a3d1f036aafcfe908092c5f2572ad4a96be24da199c"},
    {file = "pydantic-1.6.2.tar.gz", hash = "sha256:e77e5f640f1093bf417b841d9b4148bd4212bb0dbb2cbb9024aa07f2b3b260eb"},
]

[package.dependencies]
dataclasses = {version = ">=0.6", markers = "python_version < \"3.7\""}

[package.extras]
dotenv = ["python-dotenv (>=0.10.4)"]
email = ["email-validator (>=1.0.3)"]
typing-extensions = ["typing-extensions (>=3.7.2)"]

[[package]]
name = "pygments"
version = "2.14.0"
description = "Pygments is a syntax highlighting package written in Python."
optional = false
python-versions = ">=3.6"
files = [
    {file = "Pygments-2.14.0-py3-none-any.whl", hash = "sha256:fa7bd7bd2771287c0de303af8bfdfc731f51bd2c6a47ab69d117138893b82717"},
    {file = "Pygments-2.14.0.tar.gz", hash = "sha256:b3ed06a9e8ac9a9aae5a6f5dbe78a8a58655d17b43b93c078f094ddc476ae297"},
]

[package.extras]
plugins = ["importlib-metadata"]

[[package]]
name = "pytz"
version = "2020.1"
description = "World timezone definitions, modern and historical"
optional = false
python-versions = "*"
files = [
    {file = "pytz-2020.1-py2.py3-none-any.whl", hash = "sha256:a494d53b6d39c3c6e44c3bec237336e14305e4f29bbf800b599253057fbb79ed"},
    {file = "pytz-2020.1.tar.gz", hash = "sha256:c35965d010ce31b23eeb663ed3cc8c906275d6be1a34393a1d73a41febf4a048"},
]

[[package]]
name = "rfc3986"
version = "1.5.0"
description = "Validating URI References per RFC 3986"
optional = false
python-versions = "*"
files = [
    {file = "rfc3986-1.5.0-py2.py3-none-any.whl", hash = "sha256:a86d6e1f5b1dc238b218b012df0aa79409667bb209e58da56d0b94704e712a97"},
    {file = "rfc3986-1.5.0.tar.gz", hash = "sha256:270aaf10d87d0d4e095063c65bf3ddbc6ee3d0b226328ce21e036f946e421835"},
]

[package.dependencies]
idna = {version = "*", optional = true, markers = "extra == \"idna2008\""}

[package.extras]
idna2008 = ["idna"]

[[package]]
name = "rich"
version = "6.0.0"
description = "Render rich text, tables, progress bars, syntax highlighting, markdown and more to the terminal"
optional = false
python-versions = ">=3.6,<4.0"
files = [
    {file = "rich-6.0.0-py3-none-any.whl", hash = "sha256:75bb80a52a550424a9f36bfdc57dc2977a2b8d0a1eb3b011df258c017d8ba322"},
    {file = "rich-6.0.0.tar.gz", hash = "sha256:53c683a79e3f949d675b1d04e6fe3ccd53fad97aa7e2f6a83f2985502663f420"},
]

[package.dependencies]
colorama = ">=0.4.0,<0.5.0"
commonmark = ">=0.9.0,<0.10.0"
dataclasses = {version = ">=0.7,<0.8", markers = "python_version >= \"3.6\" and python_version < \"3.7\""}
pygments = ">=2.6.0,<3.0.0"
typing-extensions = ">=3.7.4,<4.0.0"

[package.extras]
jupyter = ["ipywidgets (>=7.5.1,<8.0.0)"]

[[package]]
name = "sniffio"
version = "1.2.0"
description = "Sniff out which async library your code is running under"
optional = false
python-versions = ">=3.5"
files = [
    {file = "sniffio-1.2.0-py3-none-any.whl", hash = "sha256:471b71698eac1c2112a40ce2752bb2f4a4814c22a54a3eed3676bc0f5ca9f663"},
    {file = "sniffio-1.2.0.tar.gz", hash = "sha256:c4666eecec1d3f50960c6bdf61ab7bc350648da6c126e3cf6898d8cd4ddcd3de"},
]

[package.dependencies]
contextvars = {version = ">=2.1", markers = "python_version < \"3.7\""}

[[package]]
name = "tea"
version = "0.1.2"
description = "Set of utility python modules."
optional = false
python-versions = "*"
files = [
    {file = "tea-0.1.2-py3-none-any.whl", hash = "sha256:bbf654888c1b5ca358c42ea69e15d1faba5771f5b55f9610b56ce79bd209541b"},
    {file = "tea-0.1.2.tar.gz", hash = "sha256:1578aab4c58b8a62847cec20cc33571e43ff02877cc41720780e136ccfec5b31"},
]

[package.dependencies]
psutil = "5.7.2"
pytz = "2020.1"
tzlocal = "2.1"

[[package]]
name = "tea-client"
version = "0.0.7"
description = "Library for making API clients."
optional = false
python-versions = "*"
files = [
    {file = "tea-client-0.0.7.tar.gz", hash = "sha256:cab681ca6f7eeb28c24908cfb60746055f6f85efd736e51000f7fcb48dd84483"},
    {file = "tea_client-0.0.7-py3-none-any.whl", hash = "sha256:c756913e57a4f81055ac1b8d9903fe15a8e57eebb864401c70f0d6b209976530"},
]

[package.dependencies]
httpx = {version = ">=0.14.2,<0.15.0", extras = ["http2"]}
pydantic = ">=1.6.1,<1.7.0"
tea = ">=0.1.2,<0.2.0"

[[package]]
name = "tea-console"
version = "0.0.5"
description = "Set of helpers for developing console apps."
optional = false
python-versions = "*"
files = [
    {file = "tea-console-0.0.5.tar.gz", hash = "sha256:7dd988bc506a043b7aff0be7842e46695c46702efb5026341be8aa52fc80e027"},
    {file = "tea_console-0.0.5-py3-none-any.whl", hash = "sha256:38c3e9fb6ada65e87f69b3e7a76dd8e6e21c3f3b5892712c82e9b0fb3b5cde12"},
]

[package.dependencies]
pytz = "2020.1"
rich = "6.0.0"
tea = "0.1.2"
typer = "0.3.2"
tzlocal = "2.1"

[[package]]
name = "typer"
version = "0.3.2"
description = "Typer, build great CLIs. Easy to code. Based on Python type hints."
optional = false
python-versions = ">=3.6"
files = [
    {file = "typer-0.3.2-py3-none-any.whl", hash = "sha256:ba58b920ce851b12a2d790143009fa00ac1d05b3ff3257061ff69dbdfc3d161b"},
    {file = "typer-0.3.2.tar.gz", hash = "sha256:5455d750122cff96745b0dec87368f56d023725a7ebc9d2e54dd23dc86816303"},
]

[package.dependencies]
click = ">=7.1.1,<7.2.0"

[package.extras]
all = ["colorama (>=0.4.3,<0.5.0)", "shellingham (>=1.3.0,<2.0.0)"]
dev = ["autoflake (>=1.3.1,<2.0.0)", "flake8 (>=3.8.3,<4.0.0)"]
doc = ["markdown-include (>=0.5.1,<0.6.0)", "mkdocs (>=1.1.2,<2.0.0)", "mkdocs-material (>=5.4.0,<6.0.0)"]
test = ["black (>=19.10b0,<20.0b0)", "coverage (>=5.2,<6.0)", "isort (>=5.0.6,<6.0.0)", "mypy (==0.782)", "pytest (>=4.4.0,<5.4.0)", "pytest-cov (>=2.10.0,<3.0.0)", "pytest-sugar (>=0.9.4,<0.10.0)", "pytest-xdist (>=1.32.0,<2.0.0)", "shellingham (>=1.3.0,<2.0.0)"]

[[package]]
name = "typing-extensions"
version = "3.10.0.2"
description = "Backported and Experimental Type Hints for Python 3.5+"
optional = false
python-versions = "*"
files = [
    {file = "typing_extensions-3.10.0.2-py2-none-any.whl", hash = "sha256:d8226d10bc02a29bcc81df19a26e56a9647f8b0a6d4a83924139f4a8b01f17b7"},
    {file = "typing_extensions-3.10.0.2-py3-none-any.whl", hash = "sha256:f1d25edafde516b146ecd0613dabcc61409817af4766fbbcfb8d1ad4ec441a34"},
    {file = "typing_extensions-3.10.0.2.tar.gz", hash = "sha256:49f75d16ff11f1cd258e1b988ccff82a3ca5570217d7ad8c5f48205dd99a677e"},
]

[[package]]
name = "tzlocal"
version = "2.1"
description = "tzinfo object for the local timezone"
optional = false
python-versions = "*"
files = [
    {file = "tzlocal-2.1-py2.py3-none-any.whl", hash = "sha256:e2cb6c6b5b604af38597403e9852872d7f534962ae2954c7f35efcb1ccacf4a4"},
    {file = "tzlocal-2.1.tar.gz", hash = "sha256:643c97c5294aedc737780a49d9df30889321cbe1204eac2c2ec6134035a92e44"},
]

[package.dependencies]
pytz = "*"

[metadata]
lock-version = "2.0"
python-versions = "^3.6"
content-hash = "56b29ccf10649f94fce4d0a9ad625ae522de80bd3eca10ded18587c9a7c82ae2"
